
Microsoft Visual Studio Solution File, Format Version 12.00
# Visual Studio Express 2012 for Windows Desktop
Project("{8BC9CEB8-8B4A-11D0-8D11-00A0C91BC942}") = "pe", "pe\pe.vcxproj", "{919BDF32-2E66-4ACE-A098-26AB94A3EA8B}"
EndProject
Global
	GlobalSection(SolutionConfigurationPlatforms) = preSolution
		Debug|Win32 = Debug|Win32
		Release|Win32 = Release|Win32
	EndGlobalSection
	GlobalSection(ProjectConfigurationPlatforms) = postSolution
		{919BDF32-2E66-4ACE-A098-26AB94A3EA8B}.Debug|Win32.ActiveCfg = Debug|Win32
		{919BDF32-2E66-4ACE-A098-26AB94A3EA8B}.Debug|Win32.Build.0 = Debug|Win32
		{919BDF32-2E66-4ACE-A098-26AB94A3EA8B}.Release|Win32.ActiveCfg = Release|Win32
		{919BDF32-2E66-4ACE-A098-26AB94A3EA8B}.Release|Win32.Build.0 = Release|Win32
	EndGlobalSection
	GlobalSection(SolutionProperties) = preSolution
		HideSolutionNode = FALSE
	EndGlobalSection
EndGlobal
